// !$*UTF8*$!
{
	archiveVersion = 1;
	classes = {
	};
	objectVersion = 46;
	objects = {

/* Begin PBXBuildFile section */
		16BA95420A7EB2EB001E4983 /* v002_Model_ImporterPlugIn.mm in Sources */ = {isa = PBXBuildFile; fileRef = 16BA95410A7EB2EB001E4983 /* v002_Model_ImporterPlugIn.mm */; };
		16BA96310A7EB9AC001E4983 /* Quartz.framework in Frameworks */ = {isa = PBXBuildFile; fileRef = 16BA96300A7EB9AC001E4983 /* Quartz.framework */; };
		1B43295F123FF2000040BE26 /* OpenGL.framework in Frameworks */ = {isa = PBXBuildFile; fileRef = 1B43295E123FF2000040BE26 /* OpenGL.framework */; };
		1B451C7C12409FA20057206E /* libz.dylib in Frameworks */ = {isa = PBXBuildFile; fileRef = 1B451C7B12409FA20057206E /* libz.dylib */; };
		1B6FF089193909750069AE34 /* libassimp.3.0.1264.dylib in Frameworks */ = {isa = PBXBuildFile; fileRef = 1B72ADC71827346F00F235E5 /* libassimp.3.0.1264.dylib */; };
		1B72ADC91827348200F235E5 /* libassimp.3.0.1264.dylib in Copy Frameworks */ = {isa = PBXBuildFile; fileRef = 1B72ADC71827346F00F235E5 /* libassimp.3.0.1264.dylib */; };
		1BFA5E70124FAA2700C38A58 /* v002ModelLoaderHelperClasses.mm in Sources */ = {isa = PBXBuildFile; fileRef = 1BFA5E6F124FAA2700C38A58 /* v002ModelLoaderHelperClasses.mm */; };
		8D5B49B4048680CD000E48DA /* Cocoa.framework in Frameworks */ = {isa = PBXBuildFile; fileRef = 1058C7ADFEA557BF11CA2CBB /* Cocoa.framework */; };
/* End PBXBuildFile section */

/* Begin PBXCopyFilesBuildPhase section */
		1B43930D123FE0300040BE26 /* Copy Frameworks */ = {
			isa = PBXCopyFilesBuildPhase;
			buildActionMask = 2147483647;
			dstPath = "";
			dstSubfolderSpec = 10;
			files = (
				1B72ADC91827348200F235E5 /* libassimp.3.0.1264.dylib in Copy Frameworks */,
			);
			name = "Copy Frameworks";
			runOnlyForDeploymentPostprocessing = 0;
		};
/* End PBXCopyFilesBuildPhase section */

/* Begin PBXFileReference section */
		1058C7ADFEA557BF11CA2CBB /* Cocoa.framework */ = {isa = PBXFileReference; lastKnownFileType = wrapper.framework; name = Cocoa.framework; path = /System/Library/Frameworks/Cocoa.framework; sourceTree = "<absolute>"; };
		16AA5C440A7EEE7300888E31 /* v002 Model Importer_Prefix.pch */ = {isa = PBXFileReference; fileEncoding = 30; lastKnownFileType = sourcecode.c.h; path = "v002 Model Importer_Prefix.pch"; sourceTree = "<group>"; };
		16BA95400A7EB2EB001E4983 /* v002_Model_ImporterPlugIn.h */ = {isa = PBXFileReference; fileEncoding = 30; lastKnownFileType = sourcecode.c.h; path = v002_Model_ImporterPlugIn.h; sourceTree = "<group>"; };
		16BA95410A7EB2EB001E4983 /* v002_Model_ImporterPlugIn.mm */ = {isa = PBXFileReference; fileEncoding = 4; lastKnownFileType = sourcecode.cpp.objcpp; path = v002_Model_ImporterPlugIn.mm; sourceTree = "<group>"; };
		16BA96300A7EB9AC001E4983 /* Quartz.framework */ = {isa = PBXFileReference; lastKnownFileType = wrapper.framework; name = Quartz.framework; path = /System/Library/Frameworks/Quartz.framework; sourceTree = "<absolute>"; };
		1B43295E123FF2000040BE26 /* OpenGL.framework */ = {isa = PBXFileReference; lastKnownFileType = wrapper.framework; name = OpenGL.framework; path = System/Library/Frameworks/OpenGL.framework; sourceTree = SDKROOT; };
		1B451C7B12409FA20057206E /* libz.dylib */ = {isa = PBXFileReference; lastKnownFileType = "compiled.mach-o.dylib"; name = libz.dylib; path = usr/lib/libz.dylib; sourceTree = SDKROOT; };
		1B72AD9D18272C9800F235E5 /* ai_assert.h */ = {isa = PBXFileReference; fileEncoding = 4; lastKnownFileType = sourcecode.c.h; path = ai_assert.h; sourceTree = "<group>"; };
		1B72AD9E18272C9800F235E5 /* anim.h */ = {isa = PBXFileReference; fileEncoding = 4; lastKnownFileType = sourcecode.c.h; path = anim.h; sourceTree = "<group>"; };
		1B72AD9F18272C9800F235E5 /* camera.h */ = {isa = PBXFileReference; fileEncoding = 4; lastKnownFileType = sourcecode.c.h; path = camera.h; sourceTree = "<group>"; };
		1B72ADA018272C9800F235E5 /* cexport.h */ = {isa = PBXFileReference; fileEncoding = 4; lastKnownFileType = sourcecode.c.h; path = cexport.h; sourceTree = "<group>"; };
		1B72ADA118272C9800F235E5 /* cfileio.h */ = {isa = PBXFileReference; fileEncoding = 4; lastKnownFileType = sourcecode.c.h; path = cfileio.h; sourceTree = "<group>"; };
		1B72ADA218272C9800F235E5 /* cimport.h */ = {isa = PBXFileReference; fileEncoding = 4; lastKnownFileType = sourcecode.c.h; path = cimport.h; sourceTree = "<group>"; };
		1B72ADA318272C9800F235E5 /* color4.h */ = {isa = PBXFileReference; fileEncoding = 4; lastKnownFileType = sourcecode.c.h; path = color4.h; sourceTree = "<group>"; };
		1B72ADA418272C9800F235E5 /* color4.inl */ = {isa = PBXFileReference; fileEncoding = 4; lastKnownFileType = text; path = color4.inl; sourceTree = "<group>"; };
		1B72ADA618272C9800F235E5 /* poppack1.h */ = {isa = PBXFileReference; fileEncoding = 4; lastKnownFileType = sourcecode.c.h; path = poppack1.h; sourceTree = "<group>"; };
		1B72ADA718272C9800F235E5 /* pushpack1.h */ = {isa = PBXFileReference; fileEncoding = 4; lastKnownFileType = sourcecode.c.h; path = pushpack1.h; sourceTree = "<group>"; };
		1B72ADA818272C9800F235E5 /* config.h */ = {isa = PBXFileReference; fileEncoding = 4; lastKnownFileType = sourcecode.c.h; path = config.h; sourceTree = "<group>"; };
		1B72ADA918272C9800F235E5 /* DefaultLogger.hpp */ = {isa = PBXFileReference; fileEncoding = 4; lastKnownFileType = sourcecode.cpp.h; path = DefaultLogger.hpp; sourceTree = "<group>"; };
		1B72ADAA18272C9800F235E5 /* defs.h */ = {isa = PBXFileReference; fileEncoding = 4; lastKnownFileType = sourcecode.c.h; path = defs.h; sourceTree = "<group>"; };
		1B72ADAB18272C9800F235E5 /* Exporter.hpp */ = {isa = PBXFileReference; fileEncoding = 4; lastKnownFileType = sourcecode.cpp.h; path = Exporter.hpp; sourceTree = "<group>"; };
		1B72ADAC18272C9800F235E5 /* Importer.hpp */ = {isa = PBXFileReference; fileEncoding = 4; lastKnownFileType = sourcecode.cpp.h; path = Importer.hpp; sourceTree = "<group>"; };
		1B72ADAD18272C9800F235E5 /* importerdesc.h */ = {isa = PBXFileReference; fileEncoding = 4; lastKnownFileType = sourcecode.c.h; path = importerdesc.h; sourceTree = "<group>"; };
		1B72ADAE18272C9800F235E5 /* IOStream.hpp */ = {isa = PBXFileReference; fileEncoding = 4; lastKnownFileType = sourcecode.cpp.h; path = IOStream.hpp; sourceTree = "<group>"; };
		1B72ADAF18272C9800F235E5 /* IOSystem.hpp */ = {isa = PBXFileReference; fileEncoding = 4; lastKnownFileType = sourcecode.cpp.h; path = IOSystem.hpp; sourceTree = "<group>"; };
		1B72ADB018272C9800F235E5 /* light.h */ = {isa = PBXFileReference; fileEncoding = 4; lastKnownFileType = sourcecode.c.h; path = light.h; sourceTree = "<group>"; };
		1B72ADB118272C9800F235E5 /* Logger.hpp */ = {isa = PBXFileReference; fileEncoding = 4; lastKnownFileType = sourcecode.cpp.h; path = Logger.hpp; sourceTree = "<group>"; };
		1B72ADB218272C9800F235E5 /* LogStream.hpp */ = {isa = PBXFileReference; fileEncoding = 4; lastKnownFileType = sourcecode.cpp.h; path = LogStream.hpp; sourceTree = "<group>"; };
		1B72ADB318272C9800F235E5 /* material.h */ = {isa = PBXFileReference; fileEncoding = 4; lastKnownFileType = sourcecode.c.h; path = material.h; sourceTree = "<group>"; };
		1B72ADB418272C9800F235E5 /* material.inl */ = {isa = PBXFileReference; fileEncoding = 4; lastKnownFileType = text; path = material.inl; sourceTree = "<group>"; };
		1B72ADB518272C9800F235E5 /* matrix3x3.h */ = {isa = PBXFileReference; fileEncoding = 4; lastKnownFileType = sourcecode.c.h; path = matrix3x3.h; sourceTree = "<group>"; };
		1B72ADB618272C9800F235E5 /* matrix3x3.inl */ = {isa = PBXFileReference; fileEncoding = 4; lastKnownFileType = text; path = matrix3x3.inl; sourceTree = "<group>"; };
		1B72ADB718272C9800F235E5 /* matrix4x4.h */ = {isa = PBXFileReference; fileEncoding = 4; lastKnownFileType = sourcecode.c.h; path = matrix4x4.h; sourceTree = "<group>"; };
		1B72ADB818272C9800F235E5 /* matrix4x4.inl */ = {isa = PBXFileReference; fileEncoding = 4; lastKnownFileType = text; path = matrix4x4.inl; sourceTree = "<group>"; };
		1B72ADB918272C9800F235E5 /* mesh.h */ = {isa = PBXFileReference; fileEncoding = 4; lastKnownFileType = sourcecode.c.h; path = mesh.h; sourceTree = "<group>"; };
		1B72ADBA18272C9800F235E5 /* NullLogger.hpp */ = {isa = PBXFileReference; fileEncoding = 4; lastKnownFileType = sourcecode.cpp.h; path = NullLogger.hpp; sourceTree = "<group>"; };
		1B72ADBB18272C9800F235E5 /* postprocess.h */ = {isa = PBXFileReference; fileEncoding = 4; lastKnownFileType = sourcecode.c.h; path = postprocess.h; sourceTree = "<group>"; };
		1B72ADBC18272C9800F235E5 /* ProgressHandler.hpp */ = {isa = PBXFileReference; fileEncoding = 4; lastKnownFileType = sourcecode.cpp.h; path = ProgressHandler.hpp; sourceTree = "<group>"; };
		1B72ADBD18272C9800F235E5 /* quaternion.h */ = {isa = PBXFileReference; fileEncoding = 4; lastKnownFileType = sourcecode.c.h; path = quaternion.h; sourceTree = "<group>"; };
		1B72ADBE18272C9800F235E5 /* quaternion.inl */ = {isa = PBXFileReference; fileEncoding = 4; lastKnownFileType = text; path = quaternion.inl; sourceTree = "<group>"; };
		1B72ADBF18272C9800F235E5 /* scene.h */ = {isa = PBXFileReference; fileEncoding = 4; lastKnownFileType = sourcecode.c.h; path = scene.h; sourceTree = "<group>"; };
		1B72ADC018272C9800F235E5 /* texture.h */ = {isa = PBXFileReference; fileEncoding = 4; lastKnownFileType = sourcecode.c.h; path = texture.h; sourceTree = "<group>"; };
		1B72ADC118272C9800F235E5 /* types.h */ = {isa = PBXFileReference; fileEncoding = 4; lastKnownFileType = sourcecode.c.h; path = types.h; sourceTree = "<group>"; };
		1B72ADC218272C9800F235E5 /* vector2.h */ = {isa = PBXFileReference; fileEncoding = 4; lastKnownFileType = sourcecode.c.h; path = vector2.h; sourceTree = "<group>"; };
		1B72ADC318272C9800F235E5 /* vector2.inl */ = {isa = PBXFileReference; fileEncoding = 4; lastKnownFileType = text; path = vector2.inl; sourceTree = "<group>"; };
		1B72ADC418272C9800F235E5 /* vector3.h */ = {isa = PBXFileReference; fileEncoding = 4; lastKnownFileType = sourcecode.c.h; path = vector3.h; sourceTree = "<group>"; };
		1B72ADC518272C9800F235E5 /* vector3.inl */ = {isa = PBXFileReference; fileEncoding = 4; lastKnownFileType = text; path = vector3.inl; sourceTree = "<group>"; };
		1B72ADC618272C9800F235E5 /* version.h */ = {isa = PBXFileReference; fileEncoding = 4; lastKnownFileType = sourcecode.c.h; path = version.h; sourceTree = "<group>"; };
		1B72ADC71827346F00F235E5 /* libassimp.3.0.1264.dylib */ = {isa = PBXFileReference; lastKnownFileType = "compiled.mach-o.dylib"; path = libassimp.3.0.1264.dylib; sourceTree = "<group>"; };
		1BFA5E6E124FAA2700C38A58 /* v002ModelLoaderHelperClasses.h */ = {isa = PBXFileReference; fileEncoding = 4; lastKnownFileType = sourcecode.c.h; path = v002ModelLoaderHelperClasses.h; sourceTree = "<group>"; };
		1BFA5E6F124FAA2700C38A58 /* v002ModelLoaderHelperClasses.mm */ = {isa = PBXFileReference; fileEncoding = 4; lastKnownFileType = sourcecode.cpp.objcpp; path = v002ModelLoaderHelperClasses.mm; sourceTree = "<group>"; };
		8D5B49B6048680CD000E48DA /* v002 Model Importer.plugin */ = {isa = PBXFileReference; explicitFileType = wrapper.cfbundle; includeInIndex = 0; path = "v002 Model Importer.plugin"; sourceTree = BUILT_PRODUCTS_DIR; };
		8D5B49B7048680CD000E48DA /* Info.plist */ = {isa = PBXFileReference; fileEncoding = 4; lastKnownFileType = text.plist.xml; path = Info.plist; sourceTree = "<group>"; };
/* End PBXFileReference section */

/* Begin PBXFrameworksBuildPhase section */
		8D5B49B3048680CD000E48DA /* Frameworks */ = {
			isa = PBXFrameworksBuildPhase;
			buildActionMask = 2147483647;
			files = (
				1B43295F123FF2000040BE26 /* OpenGL.framework in Frameworks */,
				8D5B49B4048680CD000E48DA /* Cocoa.framework in Frameworks */,
				16BA96310A7EB9AC001E4983 /* Quartz.framework in Frameworks */,
				1B6FF089193909750069AE34 /* libassimp.3.0.1264.dylib in Frameworks */,
				1B451C7C12409FA20057206E /* libz.dylib in Frameworks */,
			);
			runOnlyForDeploymentPostprocessing = 0;
		};
/* End PBXFrameworksBuildPhase section */

/* Begin PBXGroup section */
		089C166AFE841209C02AAC07 /* Quartz Composer Plug In */ = {
			isa = PBXGroup;
			children = (
				08FB77AFFE84173DC02AAC07 /* Classes */,
				32C88E010371C26100C91783 /* Other Sources */,
				089C167CFE841241C02AAC07 /* Resources */,
				089C1671FE841209C02AAC07 /* Frameworks */,
				19C28FB8FE9D52D311CA2CBB /* Products */,
			);
			name = "Quartz Composer Plug In";
			sourceTree = "<group>";
		};
		089C1671FE841209C02AAC07 /* Frameworks */ = {
			isa = PBXGroup;
			children = (
				1B72ADC71827346F00F235E5 /* libassimp.3.0.1264.dylib */,
				1B451C7B12409FA20057206E /* libz.dylib */,
				16BA96300A7EB9AC001E4983 /* Quartz.framework */,
				1058C7ADFEA557BF11CA2CBB /* Cocoa.framework */,
				1B43295E123FF2000040BE26 /* OpenGL.framework */,
			);
			name = Frameworks;
			sourceTree = "<group>";
		};
		089C167CFE841241C02AAC07 /* Resources */ = {
			isa = PBXGroup;
			children = (
				8D5B49B7048680CD000E48DA /* Info.plist */,
			);
			name = Resources;
			sourceTree = "<group>";
		};
		08FB77AFFE84173DC02AAC07 /* Classes */ = {
			isa = PBXGroup;
			children = (
				16BA95400A7EB2EB001E4983 /* v002_Model_ImporterPlugIn.h */,
				16BA95410A7EB2EB001E4983 /* v002_Model_ImporterPlugIn.mm */,
				1BFA5E6E124FAA2700C38A58 /* v002ModelLoaderHelperClasses.h */,
				1BFA5E6F124FAA2700C38A58 /* v002ModelLoaderHelperClasses.mm */,
				1B72AD9C18272C9800F235E5 /* Assimp Includes */,
			);
			name = Classes;
			sourceTree = "<group>";
		};
		19C28FB8FE9D52D311CA2CBB /* Products */ = {
			isa = PBXGroup;
			children = (
				8D5B49B6048680CD000E48DA /* v002 Model Importer.plugin */,
			);
			name = Products;
			sourceTree = "<group>";
		};
		1B72AD9C18272C9800F235E5 /* Assimp Includes */ = {
			isa = PBXGroup;
			children = (
				1B72AD9D18272C9800F235E5 /* ai_assert.h */,
				1B72AD9E18272C9800F235E5 /* anim.h */,
				1B72AD9F18272C9800F235E5 /* camera.h */,
				1B72ADA018272C9800F235E5 /* cexport.h */,
				1B72ADA118272C9800F235E5 /* cfileio.h */,
				1B72ADA218272C9800F235E5 /* cimport.h */,
				1B72ADA318272C9800F235E5 /* color4.h */,
				1B72ADA418272C9800F235E5 /* color4.inl */,
				1B72ADA518272C9800F235E5 /* Compiler */,
				1B72ADA818272C9800F235E5 /* config.h */,
				1B72ADA918272C9800F235E5 /* DefaultLogger.hpp */,
				1B72ADAA18272C9800F235E5 /* defs.h */,
				1B72ADAB18272C9800F235E5 /* Exporter.hpp */,
				1B72ADAC18272C9800F235E5 /* Importer.hpp */,
				1B72ADAD18272C9800F235E5 /* importerdesc.h */,
				1B72ADAE18272C9800F235E5 /* IOStream.hpp */,
				1B72ADAF18272C9800F235E5 /* IOSystem.hpp */,
				1B72ADB018272C9800F235E5 /* light.h */,
				1B72ADB118272C9800F235E5 /* Logger.hpp */,
				1B72ADB218272C9800F235E5 /* LogStream.hpp */,
				1B72ADB318272C9800F235E5 /* material.h */,
				1B72ADB418272C9800F235E5 /* material.inl */,
				1B72ADB518272C9800F235E5 /* matrix3x3.h */,
				1B72ADB618272C9800F235E5 /* matrix3x3.inl */,
				1B72ADB718272C9800F235E5 /* matrix4x4.h */,
				1B72ADB818272C9800F235E5 /* matrix4x4.inl */,
				1B72ADB918272C9800F235E5 /* mesh.h */,
				1B72ADBA18272C9800F235E5 /* NullLogger.hpp */,
				1B72ADBB18272C9800F235E5 /* postprocess.h */,
				1B72ADBC18272C9800F235E5 /* ProgressHandler.hpp */,
				1B72ADBD18272C9800F235E5 /* quaternion.h */,
				1B72ADBE18272C9800F235E5 /* quaternion.inl */,
				1B72ADBF18272C9800F235E5 /* scene.h */,
				1B72ADC018272C9800F235E5 /* texture.h */,
				1B72ADC118272C9800F235E5 /* types.h */,
				1B72ADC218272C9800F235E5 /* vector2.h */,
				1B72ADC318272C9800F235E5 /* vector2.inl */,
				1B72ADC418272C9800F235E5 /* vector3.h */,
				1B72ADC518272C9800F235E5 /* vector3.inl */,
				1B72ADC618272C9800F235E5 /* version.h */,
			);
			path = "Assimp Includes";
			sourceTree = "<group>";
		};
		1B72ADA518272C9800F235E5 /* Compiler */ = {
			isa = PBXGroup;
			children = (
				1B72ADA618272C9800F235E5 /* poppack1.h */,
				1B72ADA718272C9800F235E5 /* pushpack1.h */,
			);
			path = Compiler;
			sourceTree = "<group>";
		};
		32C88E010371C26100C91783 /* Other Sources */ = {
			isa = PBXGroup;
			children = (
				16AA5C440A7EEE7300888E31 /* v002 Model Importer_Prefix.pch */,
			);
			name = "Other Sources";
			sourceTree = "<group>";
		};
/* End PBXGroup section */

/* Begin PBXNativeTarget section */
		8D5B49AC048680CD000E48DA /* v002 Model Importer */ = {
			isa = PBXNativeTarget;
			buildConfigurationList = 1DEB913A08733D840010E9CD /* Build configuration list for PBXNativeTarget "v002 Model Importer" */;
			buildPhases = (
				8D5B49B1048680CD000E48DA /* Sources */,
				8D5B49B3048680CD000E48DA /* Frameworks */,
				1B43930D123FE0300040BE26 /* Copy Frameworks */,
				1B49BDA41B50DB330043EBA0 /* ShellScript */,
				1B884FA015C0FE4C009AB948 /* ShellScript */,
			);
			buildRules = (
			);
			dependencies = (
			);
			name = "v002 Model Importer";
			productInstallPath = "$(HOME)/Library/Bundles";
			productName = "Quartz Composer Plug In";
			productReference = 8D5B49B6048680CD000E48DA /* v002 Model Importer.plugin */;
			productType = "com.apple.product-type.bundle";
		};
/* End PBXNativeTarget section */

/* Begin PBXProject section */
		089C1669FE841209C02AAC07 /* Project object */ = {
			isa = PBXProject;
			attributes = {
				LastUpgradeCheck = 0510;
			};
			buildConfigurationList = 1DEB913E08733D840010E9CD /* Build configuration list for PBXProject "v002 Model Importer" */;
			compatibilityVersion = "Xcode 3.2";
			developmentRegion = English;
			hasScannedForEncodings = 1;
			knownRegions = (
				English,
				Japanese,
				French,
				German,
			);
			mainGroup = 089C166AFE841209C02AAC07 /* Quartz Composer Plug In */;
			projectDirPath = "";
			projectRoot = "";
			targets = (
				8D5B49AC048680CD000E48DA /* v002 Model Importer */,
			);
		};
/* End PBXProject section */

/* Begin PBXShellScriptBuildPhase section */
		1B49BDA41B50DB330043EBA0 /* ShellScript */ = {
			isa = PBXShellScriptBuildPhase;
			buildActionMask = 2147483647;
			files = (
			);
			inputPaths = (
			);
			outputPaths = (
			);
			runOnlyForDeploymentPostprocessing = 0;
			shellPath = /bin/sh;
			shellScript = "install_name_tool -change \"/Users/vade/Downloads/assimp--3.0.1270-source-only/lib/Release/libassimp.3.dylib\" @loader_path/../Frameworks/libassimp.3.0.1264.dylib \"$TARGET_BUILD_DIR/$PRODUCT_NAME.plugin/Contents/MacOS/$PRODUCT_NAME\"\n";
		};
		1B884FA015C0FE4C009AB948 /* ShellScript */ = {
			isa = PBXShellScriptBuildPhase;
			buildActionMask = 2147483647;
			files = (
			);
			inputPaths = (
			);
			outputPaths = (
			);
			runOnlyForDeploymentPostprocessing = 0;
			shellPath = /bin/sh;
			shellScript = "# This shell script simply copies the built plug-in to \"~/Library/Graphics/Quartz Composer Plug-Ins\" and overrides any previous version at that location\n\nmkdir -p \"$USER_LIBRARY_DIR/Graphics/Quartz Composer Plug-Ins\"\nrm -rf \"$USER_LIBRARY_DIR/Graphics/Quartz Composer Plug-Ins/v002 Model Importer.plugin\"\ncp -rf \"$BUILT_PRODUCTS_DIR/v002 Model Importer.plugin\" \"$USER_LIBRARY_DIR/Graphics/Quartz Composer Plug-Ins/\"\n";
		};
/* End PBXShellScriptBuildPhase section */

/* Begin PBXSourcesBuildPhase section */
		8D5B49B1048680CD000E48DA /* Sources */ = {
			isa = PBXSourcesBuildPhase;
			buildActionMask = 2147483647;
			files = (
				16BA95420A7EB2EB001E4983 /* v002_Model_ImporterPlugIn.mm in Sources */,
				1BFA5E70124FAA2700C38A58 /* v002ModelLoaderHelperClasses.mm in Sources */,
			);
			runOnlyForDeploymentPostprocessing = 0;
		};
/* End PBXSourcesBuildPhase section */

/* Begin XCBuildConfiguration section */
		1DEB913B08733D840010E9CD /* Debug */ = {
			isa = XCBuildConfiguration;
			buildSettings = {
				COPY_PHASE_STRIP = NO;
				DEAD_CODE_STRIPPING = YES;
				FRAMEWORK_SEARCH_PATHS = (
					"$(inherited)",
					"\"$(SRCROOT)\"",
				);
				GCC_AUTO_VECTORIZATION = YES;
				GCC_C_LANGUAGE_STANDARD = "compiler-default";
				GCC_DYNAMIC_NO_PIC = NO;
				GCC_ENABLE_SSE3_EXTENSIONS = YES;
				GCC_ENABLE_SUPPLEMENTAL_SSE3_INSTRUCTIONS = YES;
				GCC_MODEL_TUNING = G5;
				GCC_OPTIMIZATION_LEVEL = 0;
				GCC_PRECOMPILE_PREFIX_HEADER = YES;
				GCC_PREFIX_HEADER = "v002 Model Importer_Prefix.pch";
				GCC_WARN_ABOUT_INVALID_OFFSETOF_MACRO = YES;
				GCC_WARN_ABOUT_RETURN_TYPE = NO;
				HEADER_SEARCH_PATHS = "\"$(SRCROOT)\"/includes/**";
				INFOPLIST_FILE = Info.plist;
				INSTALL_PATH = "$(HOME)/Library/Graphics/Quartz Composer Plug-Ins";
				LIBRARY_SEARCH_PATHS = (
					"$(inherited)",
					"$(SRCROOT)",
					"/Users/vade/Documents/Repositories/v002/v002-Model-Importer",
					"$(PROJECT_DIR)",
				);
				MACOSX_DEPLOYMENT_TARGET = 10.5;
				PRODUCT_NAME = "v002 Model Importer";
				WRAPPER_EXTENSION = plugin;
				ZERO_LINK = NO;
			};
			name = Debug;
		};
		1DEB913C08733D840010E9CD /* Release */ = {
			isa = XCBuildConfiguration;
			buildSettings = {
				DEBUG_INFORMATION_FORMAT = "dwarf-with-dsym";
				FRAMEWORK_SEARCH_PATHS = (
					"$(inherited)",
					"\"$(SRCROOT)\"",
				);
				GCC_AUTO_VECTORIZATION = YES;
				GCC_ENABLE_SSE3_EXTENSIONS = YES;
				GCC_MODEL_TUNING = G5;
				GCC_OPTIMIZATION_LEVEL = 3;
				GCC_PRECOMPILE_PREFIX_HEADER = YES;
				GCC_PREFIX_HEADER = "v002 Model Importer_Prefix.pch";
				GCC_UNROLL_LOOPS = YES;
				HEADER_SEARCH_PATHS = "\"$(SRCROOT)\"/**";
				INFOPLIST_FILE = Info.plist;
				INSTALL_PATH = "$(HOME)/Library/Graphics/Quartz Composer Plug-Ins";
				LIBRARY_SEARCH_PATHS = (
					"$(inherited)",
					"$(SRCROOT)",
					"/Users/vade/Documents/Repositories/v002/v002-Model-Importer",
					"$(PROJECT_DIR)",
				);
				MACOSX_DEPLOYMENT_TARGET = 10.5;
				PRODUCT_NAME = "v002 Model Importer";
				WRAPPER_EXTENSION = plugin;
			};
			name = Release;
		};
		1DEB913F08733D840010E9CD /* Debug */ = {
			isa = XCBuildConfiguration;
			buildSettings = {
				ARCHS = "$(ARCHS_STANDARD_32_64_BIT)";
				GCC_C_LANGUAGE_STANDARD = gnu99;
				GCC_WARN_ABOUT_RETURN_TYPE = YES;
				GCC_WARN_UNUSED_VARIABLE = YES;
				ONLY_ACTIVE_ARCH = YES;
				SDKROOT = macosx;
			};
			name = Debug;
		};
		1DEB914008733D840010E9CD /* Release */ = {
			isa = XCBuildConfiguration;
			buildSettings = {
				ARCHS = "$(ARCHS_STANDARD_32_64_BIT)";
				GCC_C_LANGUAGE_STANDARD = gnu99;
				GCC_WARN_ABOUT_RETURN_TYPE = YES;
				GCC_WARN_UNUSED_VARIABLE = YES;
				SDKROOT = macosx;
				VALID_ARCHS = "i386 x86_64";
			};
			name = Release;
		};
/* End XCBuildConfiguration section */

/* Begin XCConfigurationList section */
		1DEB913A08733D840010E9CD /* Build configuration list for PBXNativeTarget "v002 Model Importer" */ = {
			isa = XCConfigurationList;
			buildConfigurations = (
				1DEB913B08733D840010E9CD /* Debug */,
				1DEB913C08733D840010E9CD /* Release */,
			);
			defaultConfigurationIsVisible = 0;
			defaultConfigurationName = Release;
		};
		1DEB913E08733D840010E9CD /* Build configuration list for PBXProject "v002 Model Importer" */ = {
			isa = XCConfigurationList;
			buildConfigurations = (
				1DEB913F08733D840010E9CD /* Debug */,
				1DEB914008733D840010E9CD /* Release */,
			);
			defaultConfigurationIsVisible = 0;
			defaultConfigurationName = Release;
		};
/* End XCConfigurationList section */
	};
	rootObject = 089C1669FE841209C02AAC07 /* Project object */;
}
